<?xml version="1.0" encoding="utf-8" standalone="yes"?>
<Project ToolsVersion="4.0" xmlns="http://schemas.microsoft.com/developer/msbuild/2003">
  <ItemGroup>
    <Filter Include="source">
      <UniqueIdentifier>{21895B69-DE91-7035-0000-0000CA90681B}</UniqueIdentifier>
    </Filter>
    <Filter Include="source\tag">
      <UniqueIdentifier>{134f5e3c-7fdc-42e4-a08c-b37cff705156}</UniqueIdentifier>
    </Filter>
  </ItemGroup>
  <ItemGroup>
    <ClCompile Include="src\tag\tGBcogwheel.cpp">
      <Filter>source\tag</Filter>
    </ClCompile>
    <ClCompile Include="src\main.cpp">
      <Filter>source</Filter>
    </ClCompile>
  </ItemGroup>
  <ItemGroup>
    <ClInclude Include="src\tag\tGBcogwheel_class.h">
      <Filter>source\tag</Filter>
    </ClInclude>
    <ClInclude Include="src\main.h">
      <Filter>source</Filter>
    </ClInclude>
  </ItemGroup>
</Project>